id: concept-active-block
slug: active-block
label: Active block
aliases:
  - punch block
  - firm block
short_definition: Turn a passive block into a controlled counter by stabilizing the grip and adding compact forearm movement.
concept_type: block-variation
facets:
  category:
    - stroke
  side:
    - neutral
  level:
    - intermediate
difficulty: intermediate
review_status: approved
evidence:
  - id: etKOmktKw1k-candidate-active-block-with-forearm-displacement-1
    evidence_type: explanation
    excerpt: An active blocking action that improves return quality by moving the forearm forward through the ball, with a slight downward-pressing feel, using about one racket length of displacement rather than wrist flick or upper-arm swing.
    reason: The speaker introduces a method to make defense more threatening by pressing with the forearm and moving it forward through the racket path.
    confidence: 0.95
    visual_status: transcript_inferred
    review_status: approved
    source:
      video_id: etKOmktKw1k
      start_ms: 374000
      end_ms: 403840
      url: "https://www.youtube.com/watch?v=etKOmktKw1k&t=374s"
      segment_ids: &id001
        - "etKOmktKw1k:00134"
        - "etKOmktKw1k:00135"
        - "etKOmktKw1k:00136"
        - "etKOmktKw1k:00137"
        - "etKOmktKw1k:00138"
        - "etKOmktKw1k:00139"
        - "etKOmktKw1k:00140"
        - "etKOmktKw1k:00141"
        - "etKOmktKw1k:00142"
        - "etKOmktKw1k:00143"
        - "etKOmktKw1k:00144"
  - id: etKOmktKw1k-candidate-active-block-with-forearm-displacement-2
    evidence_type: explanation
    excerpt: An active blocking action that improves return quality by moving the forearm forward through the ball, with a slight downward-pressing feel, using about one racket length of displacement rather than wrist flick or upper-arm swing.
    reason: The speaker specifies that the motion is the same on forehand and backhand, covers roughly one racket length, and must come from forearm displacement rather than wrist or upper arm.
    confidence: 0.95
    visual_status: transcript_inferred
    review_status: approved
    source:
      video_id: etKOmktKw1k
      start_ms: 407680
      end_ms: 437680
      url: "https://www.youtube.com/watch?v=etKOmktKw1k&t=407s"
      segment_ids:
        - "etKOmktKw1k:00145"
        - "etKOmktKw1k:00146"
        - "etKOmktKw1k:00147"
        - "etKOmktKw1k:00148"
        - "etKOmktKw1k:00149"
        - "etKOmktKw1k:00150"
        - "etKOmktKw1k:00151"
        - "etKOmktKw1k:00152"
        - "etKOmktKw1k:00153"
        - "etKOmktKw1k:00154"
        - "etKOmktKw1k:00155"
  - id: etKOmktKw1k-candidate-active-block-with-forearm-displacement-3
    evidence_type: explanation
    excerpt: An active blocking action that improves return quality by moving the forearm forward through the ball, with a slight downward-pressing feel, using about one racket length of displacement rather than wrist flick or upper-arm swing.
    reason: The speaker specifies that the motion is the same on forehand and backhand, covers roughly one racket length, and must come from forearm displacement rather than wrist or upper arm.
    confidence: 0.95
    visual_status: transcript_inferred
    review_status: approved
    source:
      video_id: etKOmktKw1k
      start_ms: 435320
      end_ms: 457240
      url: "https://www.youtube.com/watch?v=etKOmktKw1k&t=435s"
      segment_ids:
        - "etKOmktKw1k:00156"
        - "etKOmktKw1k:00157"
        - "etKOmktKw1k:00158"
        - "etKOmktKw1k:00159"
        - "etKOmktKw1k:00160"
        - "etKOmktKw1k:00161"
        - "etKOmktKw1k:00162"
  - id: etKOmktKw1k-candidate-firm-grip-for-blocking-heavy-spin-1
    evidence_type: explanation
    excerpt: When blocking heavy topspin, the racket must be held firmly so the player can resist and control the incoming spin; a soft grip makes blocks float long.
    reason: The speaker directly teaches firm grip as necessary for controlling heavy spin in blocking and identifies a soft grip as the cause of long blocks.
    confidence: 0.95
    visual_status: transcript_inferred
    review_status: approved
    source:
      video_id: etKOmktKw1k
      start_ms: 455040
      end_ms: 483120
      url: "https://www.youtube.com/watch?v=etKOmktKw1k&t=455s"
      segment_ids:
        - "etKOmktKw1k:00163"
        - "etKOmktKw1k:00164"
        - "etKOmktKw1k:00165"
        - "etKOmktKw1k:00166"
        - "etKOmktKw1k:00167"
        - "etKOmktKw1k:00168"
        - "etKOmktKw1k:00169"
        - "etKOmktKw1k:00170"
        - "etKOmktKw1k:00171"
  - id: etKOmktKw1k-candidate-firm-grip-for-blocking-heavy-spin-2
    evidence_type: explanation
    excerpt: When blocking heavy topspin, the racket must be held firmly so the player can resist and control the incoming spin; a soft grip makes blocks float long.
    reason: The speaker directly teaches firm grip as necessary for controlling heavy spin in blocking and identifies a soft grip as the cause of long blocks.
    confidence: 0.95
    visual_status: transcript_inferred
    review_status: approved
    source:
      video_id: etKOmktKw1k
      start_ms: 481400
      end_ms: 492000
      url: "https://www.youtube.com/watch?v=etKOmktKw1k&t=481s"
      segment_ids:
        - "etKOmktKw1k:00172"
        - "etKOmktKw1k:00173"
        - "etKOmktKw1k:00174"
        - "etKOmktKw1k:00175"
relations:
  - relation_type: variation_of
    target_concept_id: concept-block-trajectory-and-placement
    sources:
      - video_id: etKOmktKw1k
        start_ms: 374000
        end_ms: 403840
        url: "https://www.youtube.com/watch?v=etKOmktKw1k&t=374s"
        segment_ids: *id001
    confidence: 0.9
    review_status: approved
