id: concept-firm-grip-during-block
slug: firm-grip-during-block
label: Firm grip during block
aliases:
  - tight grip
  - squeeze it
  - soft, relaxed grip
short_definition: Keeping a firm, tight grip on the racket during blocking so spinny balls can be controlled.
evidence_summary: >-
  Firm grip during block brings together several connected ideas. A firm grip is necessary to
  control spinny blocks and rejects a soft, relaxed grip. You cannot have a loose grip and must
  grip the racket firmly. Together, these principles show how the topic is applied in practice
  while preserving the relevant distinctions and constraints.
evidence_summary_source_hash: "sha256:da2eaea9f94be57569661a73c18dccfe28f4aade153a9457494918de180d4bd0"
evidence_summary_generator: "deterministic"
concept_type: concept
facets:
  category:
    - stroke
    - fundamentals
  side:
    - neutral
  spin:
    - topspin
  distance:
    - close
  level:
    - intermediate
difficulty: intermediate
review_status: approved
generated_by:
  processor: automatic_candidate_review
  version: 1.0.0
  input_hash: cde7da1ff015949afd82d2e42fa8895b204b38e67dc4b6900db92e079d4868f5
  prompt_version: candidate-review-v1
evidence:
  - id: wd_E9NZBVtU-new-firm-grip-during-block-reviewed
    evidence_type: definition
    excerpt: Keeping a firm, tight grip on the racket during blocking so spinny balls can be controlled.
    reason: The speaker explicitly says a firm grip is necessary to control spinny blocks and rejects a soft, relaxed grip.
    confidence: 0.96
    visual_status: transcript_inferred
    review_status: approved
    source:
      video_id: wd_E9NZBVtU
      start_ms: 476600
      end_ms: 504066
      url: https://www.youtube.com/watch?v=wd_E9NZBVtU&t=476s
      segment_ids:
        - wd_E9NZBVtU:00105
        - wd_E9NZBVtU:00106
        - wd_E9NZBVtU:00107
        - wd_E9NZBVtU:00108
  - id: VUCWueKYuE0-concept-firm-grip-during-block-reviewed
    evidence_type: definition
    excerpt: A grip requirement where the racket is held firmly during the hook serve so the stroke can transmit force effectively.
    reason: The speaker explicitly says you cannot have a loose grip and must grip the racket firmly.
    confidence: 0.92
    visual_status: transcript_inferred
    review_status: approved
    source:
      video_id: VUCWueKYuE0
      start_ms: 377200
      end_ms: 390033
      url: https://www.youtube.com/watch?v=VUCWueKYuE0&t=377s
      segment_ids:
        - VUCWueKYuE0:00086
        - VUCWueKYuE0:00087
        - VUCWueKYuE0:00088
