id: concept-firm-grip-during-block
slug: firm-grip-during-block
label: Firm grip during block
aliases:
  - tight grip
  - squeeze it
  - soft, relaxed grip
short_definition: Keeping a firm, tight grip on the racket during blocking so spinny balls can be controlled.
evidence_summary: >-
  Firm grip during block brings together several connected ideas. A firm grip is necessary to
  control spinny blocks and rejects a soft, relaxed grip. Together, these principles show how the
  topic is applied in practice while preserving the relevant distinctions and constraints.
evidence_summary_source_hash: "sha256:e0ee2b8b0e2a5d4abad1bfb4d0e85f2d7632b2dc5d7694797ea9269d092d2797"
evidence_summary_generator: "deterministic"
concept_type: concept
facets:
  category:
    - stroke
    - fundamentals
  side:
    - neutral
  spin:
    - topspin
  distance:
    - close
  level:
    - intermediate
difficulty: intermediate
review_status: approved
generated_by:
  processor: automatic_candidate_review
  version: 1.0.0
  input_hash: cde7da1ff015949afd82d2e42fa8895b204b38e67dc4b6900db92e079d4868f5
  prompt_version: candidate-review-v1
evidence:
  - id: wd_E9NZBVtU-new-firm-grip-during-block-reviewed
    evidence_type: definition
    excerpt: Keeping a firm, tight grip on the racket during blocking so spinny balls can be controlled.
    reason: The speaker explicitly says a firm grip is necessary to control spinny blocks and rejects a soft, relaxed grip.
    confidence: 0.96
    visual_status: transcript_inferred
    review_status: approved
    source:
      video_id: wd_E9NZBVtU
      start_ms: 476600
      end_ms: 504066
      url: https://www.youtube.com/watch?v=wd_E9NZBVtU&t=476s
      segment_ids:
        - wd_E9NZBVtU:00105
        - wd_E9NZBVtU:00106
        - wd_E9NZBVtU:00107
        - wd_E9NZBVtU:00108
