id: concept-firm-grip-during-block
slug: firm-grip-during-block
label: Firm grip during block
aliases:
  - tight grip
  - squeeze it
  - soft, relaxed grip
short_definition: Keeping a firm, tight grip on the racket during blocking so spinny balls can be controlled.
evidence_summary: >-
  Firm grip during block brings together several connected ideas. A firm grip is necessary to
  control spinny blocks and rejects a soft, relaxed grip. You cannot have a loose grip and must
  grip the racket firmly. Against gripping tightly during defense and to keep it firm. A useful
  contrast is between a relaxed brushing grip and a deep tight grip for hitting, and says pure hit
  or block needs stability and a tight grip. To grip firmly, lock the wrist, and keep the racket
  face stable during blocking. Together, these principles show how the topic is applied in
  practice while preserving the relevant distinctions and constraints.
evidence_summary_source_hash: "sha256:81e160cec2d4b0ca004726b96f2e4857a23af58a6d6949c927d01e8a5a297b66"
evidence_summary_generator: "deterministic"
concept_type: concept
facets:
  category:
    - stroke
    - fundamentals
  side:
    - neutral
  spin:
    - topspin
  distance:
    - close
  level:
    - intermediate
difficulty: intermediate
review_status: approved
generated_by:
  processor: automatic_candidate_review
  version: 1.0.0
  input_hash: cde7da1ff015949afd82d2e42fa8895b204b38e67dc4b6900db92e079d4868f5
  prompt_version: candidate-review-v1
evidence:
  - id: wd_E9NZBVtU-new-firm-grip-during-block-reviewed
    evidence_type: definition
    excerpt: Keeping a firm, tight grip on the racket during blocking so spinny balls can be controlled.
    reason: The speaker explicitly says a firm grip is necessary to control spinny blocks and rejects a soft, relaxed grip.
    confidence: 0.96
    visual_status: transcript_inferred
    review_status: approved
    source:
      video_id: wd_E9NZBVtU
      start_ms: 476600
      end_ms: 504066
      url: https://www.youtube.com/watch?v=wd_E9NZBVtU&t=476s
      segment_ids:
        - wd_E9NZBVtU:00105
        - wd_E9NZBVtU:00106
        - wd_E9NZBVtU:00107
        - wd_E9NZBVtU:00108
  - id: VUCWueKYuE0-concept-firm-grip-during-block-reviewed
    evidence_type: definition
    excerpt: A grip requirement where the racket is held firmly during the hook serve so the stroke can transmit force effectively.
    reason: The speaker explicitly says you cannot have a loose grip and must grip the racket firmly.
    confidence: 0.92
    visual_status: transcript_inferred
    review_status: approved
    source:
      video_id: VUCWueKYuE0
      start_ms: 377200
      end_ms: 390033
      url: https://www.youtube.com/watch?v=VUCWueKYuE0&t=377s
      segment_ids:
        - VUCWueKYuE0:00086
        - VUCWueKYuE0:00087
        - VUCWueKYuE0:00088
  - id: 4cbTW4pTCuM-concept-firm-grip-during-block-reviewed
    evidence_type: explanation
    excerpt: Avoid a loose or over-tightened hand when defending; maintain a firm, controlled grip to keep the racket stable against incoming power.
    reason: The speaker explicitly warns against gripping tightly during defense and says to keep it firm.
    confidence: 0.98
    visual_status: not_visual
    review_status: approved
    source:
      video_id: 4cbTW4pTCuM
      start_ms: 123066
      end_ms: 135166
      url: https://www.youtube.com/watch?v=4cbTW4pTCuM&t=123s
      segment_ids:
        - 4cbTW4pTCuM:00063
        - 4cbTW4pTCuM:00067
  - id: x8OSRSRukeI-concept-firm-grip-during-block-reviewed
    evidence_type: explanation
    excerpt: A firm or tight grip is appropriate for hitting-based strokes and blocks, as opposed to brushing strokes that need relaxation.
    reason: The speaker contrasts a relaxed brushing grip with a deep tight grip for hitting, and says pure hit or block needs stability and a tight grip.
    confidence: 0.88
    visual_status: transcript_inferred
    review_status: approved
    source:
      video_id: x8OSRSRukeI
      start_ms: 187933
      end_ms: 212066
      url: https://www.youtube.com/watch?v=x8OSRSRukeI&t=187s
      segment_ids:
        - x8OSRSRukeI:00049
        - x8OSRSRukeI:00052
        - x8OSRSRukeI:00054
  - id: q70a9LCojco-concept-firm-grip-and-locked-wrist-for-blocking-reviewed
    evidence_type: definition
    excerpt: Blocking requires a firm, tight grip and a locked wrist to keep the racket face stable and prevent wobble.
    reason: The speaker explicitly says to grip firmly, lock the wrist, and keep the racket face stable during blocking.
    confidence: 0.99
    visual_status: transcript_inferred
    review_status: approved
    source:
      video_id: q70a9LCojco
      start_ms: 555333
      end_ms: 581733
      url: https://www.youtube.com/watch?v=q70a9LCojco&t=555s
      segment_ids:
        - q70a9LCojco:00124
        - q70a9LCojco:00125
        - q70a9LCojco:00126
        - q70a9LCojco:00128
        - q70a9LCojco:00129
